// !$*UTF8*$!
{
	archiveVersion = 1;
	classes = {
	};
	objectVersion = 46;
	objects = {

/* Begin PBXBuildFile section */
		1D60589B0D05DD56006BFB54 /* main.m in Sources */ = {isa = PBXBuildFile; fileRef = 29B97316FDCFA39411CA2CEA /* main.m */; };
		1D60589F0D05DD5A006BFB54 /* Foundation.framework in Frameworks */ = {isa = PBXBuildFile; fileRef = 1D30AB110D05D00D00671497 /* Foundation.framework */; };
		1DF5F4E00D08C38300B7A737 /* UIKit.framework in Frameworks */ = {isa = PBXBuildFile; fileRef = 1DF5F4DF0D08C38300B7A737 /* UIKit.framework */; settings = {ATTRIBUTES = (Required, ); }; };
		2892E4100DC94CBA00A64D0F /* CoreGraphics.framework in Frameworks */ = {isa = PBXBuildFile; fileRef = 2892E40F0DC94CBA00A64D0F /* CoreGraphics.framework */; };
		28AD73600D9D9599002E5188 /* MainWindow.xib in Resources */ = {isa = PBXBuildFile; fileRef = 28AD735F0D9D9599002E5188 /* MainWindow.xib */; };
		28C286E10D94DF7D0034E888 /* RootViewController.m in Sources */ = {isa = PBXBuildFile; fileRef = 28C286E00D94DF7D0034E888 /* RootViewController.m */; };
		28F335F11007B36200424DE2 /* RootViewController.xib in Resources */ = {isa = PBXBuildFile; fileRef = 28F335F01007B36200424DE2 /* RootViewController.xib */; };
		4832CA831648FCC200B124F5 /* Model.plist in Resources */ = {isa = PBXBuildFile; fileRef = 4832CA821648FCC200B124F5 /* Model.plist */; };
		4875E067164885AE00A308EF /* Reachability.m in Sources */ = {isa = PBXBuildFile; fileRef = 4875E066164885AE00A308EF /* Reachability.m */; settings = {COMPILER_FLAGS = "-fno-objc-arc"; }; };
		4875E0701648866200A308EF /* SystemConfiguration.framework in Frameworks */ = {isa = PBXBuildFile; fileRef = 4875E06F1648866200A308EF /* SystemConfiguration.framework */; };
		4875E076164889D200A308EF /* MainParentView.m in Sources */ = {isa = PBXBuildFile; fileRef = 4875E074164889D200A308EF /* MainParentView.m */; };
		4875E08516489B0F00A308EF /* WelcomeVC.m in Sources */ = {isa = PBXBuildFile; fileRef = 4875E08316489B0F00A308EF /* WelcomeVC.m */; };
		4875E08616489B0F00A308EF /* WelcomeVC.xib in Resources */ = {isa = PBXBuildFile; fileRef = 4875E08416489B0F00A308EF /* WelcomeVC.xib */; };
		4875E08916489BC800A308EF /* MainParentView.bundle in Resources */ = {isa = PBXBuildFile; fileRef = 4875E08816489BC800A308EF /* MainParentView.bundle */; };
		489F735216516F5100418108 /* Icon.png in Resources */ = {isa = PBXBuildFile; fileRef = 489F735116516F5100418108 /* Icon.png */; };
		489F735516516F5400418108 /* Icon@2x.png in Resources */ = {isa = PBXBuildFile; fileRef = 489F735416516F5400418108 /* Icon@2x.png */; };
		489F735716516F5B00418108 /* Icon-72.png in Resources */ = {isa = PBXBuildFile; fileRef = 489F735616516F5B00418108 /* Icon-72.png */; };
		489F735916516F5F00418108 /* Icon-72@2x.png in Resources */ = {isa = PBXBuildFile; fileRef = 489F735816516F5F00418108 /* Icon-72@2x.png */; };
		EA4FED5B120227F6001C3C02 /* Model.m in Sources */ = {isa = PBXBuildFile; fileRef = EA4FED5A120227F6001C3C02 /* Model.m */; };
		EA4FF0721201C3AF00C24433 /* DetailViewController.m in Sources */ = {isa = PBXBuildFile; fileRef = EA4FF0711201C3AF00C24433 /* DetailViewController.m */; };
		EA6FC4301201E1C500CAD858 /* UniversalExampleAppDelegate_Phone.m in Sources */ = {isa = PBXBuildFile; fileRef = EA6FC42F1201E1C500CAD858 /* UniversalExampleAppDelegate_Phone.m */; };
		EA6FC4331201E1D100CAD858 /* UniversalExampleAppDelegate_Pad.m in Sources */ = {isa = PBXBuildFile; fileRef = EA6FC4321201E1D100CAD858 /* UniversalExampleAppDelegate_Pad.m */; };
		EA6FC4361201E1F600CAD858 /* RootViewController_Pad.m in Sources */ = {isa = PBXBuildFile; fileRef = EA6FC4351201E1F600CAD858 /* RootViewController_Pad.m */; };
		EA6FC4391201E20600CAD858 /* RootViewController_Phone.m in Sources */ = {isa = PBXBuildFile; fileRef = EA6FC4381201E20600CAD858 /* RootViewController_Phone.m */; };
		EA6FC43C1201E29600CAD858 /* DetailViewController_Pad.m in Sources */ = {isa = PBXBuildFile; fileRef = EA6FC43B1201E29600CAD858 /* DetailViewController_Pad.m */; };
		EA6FC43F1201E2A200CAD858 /* DetailViewController_Phone.m in Sources */ = {isa = PBXBuildFile; fileRef = EA6FC43E1201E2A200CAD858 /* DetailViewController_Phone.m */; };
		EAD90D551201D346000CBDE8 /* MainWindow-iPad.xib in Resources */ = {isa = PBXBuildFile; fileRef = EAD90D541201D346000CBDE8 /* MainWindow-iPad.xib */; };
		EAEE698812074FE90055BE76 /* SubDetailViewController.m in Sources */ = {isa = PBXBuildFile; fileRef = EAEE698712074FE90055BE76 /* SubDetailViewController.m */; };
		EAEE698B1207541C0055BE76 /* SubDetailViewController_iPad.m in Sources */ = {isa = PBXBuildFile; fileRef = EAEE698A1207541C0055BE76 /* SubDetailViewController_iPad.m */; };
		EAEE698E120754320055BE76 /* SubDetailViewController_iPhone.m in Sources */ = {isa = PBXBuildFile; fileRef = EAEE698D120754320055BE76 /* SubDetailViewController_iPhone.m */; };
/* End PBXBuildFile section */

/* Begin PBXFileReference section */
		1D30AB110D05D00D00671497 /* Foundation.framework */ = {isa = PBXFileReference; lastKnownFileType = wrapper.framework; name = Foundation.framework; path = System/Library/Frameworks/Foundation.framework; sourceTree = SDKROOT; };
		1D6058910D05DD3D006BFB54 /* UniversalExample.app */ = {isa = PBXFileReference; explicitFileType = wrapper.application; includeInIndex = 0; path = UniversalExample.app; sourceTree = BUILT_PRODUCTS_DIR; };
		1DF5F4DF0D08C38300B7A737 /* UIKit.framework */ = {isa = PBXFileReference; lastKnownFileType = wrapper.framework; name = UIKit.framework; path = System/Library/Frameworks/UIKit.framework; sourceTree = SDKROOT; };
		2892E40F0DC94CBA00A64D0F /* CoreGraphics.framework */ = {isa = PBXFileReference; lastKnownFileType = wrapper.framework; name = CoreGraphics.framework; path = System/Library/Frameworks/CoreGraphics.framework; sourceTree = SDKROOT; };
		28A0AAE50D9B0CCF005BE974 /* UniversalExample_Prefix.pch */ = {isa = PBXFileReference; fileEncoding = 4; lastKnownFileType = sourcecode.c.h; path = UniversalExample_Prefix.pch; sourceTree = "<group>"; };
		28AD735F0D9D9599002E5188 /* MainWindow.xib */ = {isa = PBXFileReference; lastKnownFileType = file.xib; path = MainWindow.xib; sourceTree = "<group>"; };
		28C286DF0D94DF7D0034E888 /* RootViewController.h */ = {isa = PBXFileReference; fileEncoding = 4; lastKnownFileType = sourcecode.c.h; path = RootViewController.h; sourceTree = "<group>"; };
		28C286E00D94DF7D0034E888 /* RootViewController.m */ = {isa = PBXFileReference; fileEncoding = 4; lastKnownFileType = sourcecode.c.objc; path = RootViewController.m; sourceTree = "<group>"; };
		28F335F01007B36200424DE2 /* RootViewController.xib */ = {isa = PBXFileReference; lastKnownFileType = file.xib; path = RootViewController.xib; sourceTree = "<group>"; };
		29B97316FDCFA39411CA2CEA /* main.m */ = {isa = PBXFileReference; fileEncoding = 4; lastKnownFileType = sourcecode.c.objc; path = main.m; sourceTree = "<group>"; };
		4832CA821648FCC200B124F5 /* Model.plist */ = {isa = PBXFileReference; fileEncoding = 4; lastKnownFileType = text.plist.xml; path = Model.plist; sourceTree = "<group>"; };
		4875E065164885AE00A308EF /* Reachability.h */ = {isa = PBXFileReference; fileEncoding = 4; lastKnownFileType = sourcecode.c.h; path = Reachability.h; sourceTree = "<group>"; };
		4875E066164885AE00A308EF /* Reachability.m */ = {isa = PBXFileReference; fileEncoding = 4; lastKnownFileType = sourcecode.c.objc; path = Reachability.m; sourceTree = "<group>"; };
		4875E06F1648866200A308EF /* SystemConfiguration.framework */ = {isa = PBXFileReference; lastKnownFileType = wrapper.framework; name = SystemConfiguration.framework; path = System/Library/Frameworks/SystemConfiguration.framework; sourceTree = SDKROOT; };
		4875E0711648871C00A308EF /* Constants.h */ = {isa = PBXFileReference; fileEncoding = 4; lastKnownFileType = sourcecode.c.h; path = Constants.h; sourceTree = "<group>"; };
		4875E073164889D200A308EF /* MainParentView.h */ = {isa = PBXFileReference; fileEncoding = 4; lastKnownFileType = sourcecode.c.h; path = MainParentView.h; sourceTree = "<group>"; };
		4875E074164889D200A308EF /* MainParentView.m */ = {isa = PBXFileReference; fileEncoding = 4; lastKnownFileType = sourcecode.c.objc; path = MainParentView.m; sourceTree = "<group>"; };
		4875E08216489B0F00A308EF /* WelcomeVC.h */ = {isa = PBXFileReference; fileEncoding = 4; lastKnownFileType = sourcecode.c.h; name = WelcomeVC.h; path = WelcomeVC/WelcomeVC.h; sourceTree = "<group>"; };
		4875E08316489B0F00A308EF /* WelcomeVC.m */ = {isa = PBXFileReference; fileEncoding = 4; lastKnownFileType = sourcecode.c.objc; name = WelcomeVC.m; path = WelcomeVC/WelcomeVC.m; sourceTree = "<group>"; };
		4875E08416489B0F00A308EF /* WelcomeVC.xib */ = {isa = PBXFileReference; fileEncoding = 4; lastKnownFileType = file.xib; name = WelcomeVC.xib; path = WelcomeVC/WelcomeVC.xib; sourceTree = "<group>"; };
		4875E08816489BC800A308EF /* MainParentView.bundle */ = {isa = PBXFileReference; lastKnownFileType = "wrapper.plug-in"; path = MainParentView.bundle; sourceTree = "<group>"; };
		489F735116516F5100418108 /* Icon.png */ = {isa = PBXFileReference; lastKnownFileType = image.png; path = Icon.png; sourceTree = "<group>"; };
		489F735416516F5400418108 /* Icon@2x.png */ = {isa = PBXFileReference; lastKnownFileType = image.png; path = "Icon@2x.png"; sourceTree = "<group>"; };
		489F735616516F5B00418108 /* Icon-72.png */ = {isa = PBXFileReference; lastKnownFileType = image.png; path = "Icon-72.png"; sourceTree = "<group>"; };
		489F735816516F5F00418108 /* Icon-72@2x.png */ = {isa = PBXFileReference; lastKnownFileType = image.png; path = "Icon-72@2x.png"; sourceTree = "<group>"; };
		8D1107310486CEB800E47090 /* UniversalExample-Info.plist */ = {isa = PBXFileReference; fileEncoding = 4; lastKnownFileType = text.plist.xml; path = "UniversalExample-Info.plist"; plistStructureDefinitionIdentifier = "com.apple.xcode.plist.structure-definition.iphone.info-plist"; sourceTree = "<group>"; };
		EA4FED59120227F6001C3C02 /* Model.h */ = {isa = PBXFileReference; fileEncoding = 4; lastKnownFileType = sourcecode.c.h; path = Model.h; sourceTree = "<group>"; };
		EA4FED5A120227F6001C3C02 /* Model.m */ = {isa = PBXFileReference; fileEncoding = 4; lastKnownFileType = sourcecode.c.objc; path = Model.m; sourceTree = "<group>"; };
		EA4FF0701201C3AF00C24433 /* DetailViewController.h */ = {isa = PBXFileReference; fileEncoding = 4; lastKnownFileType = sourcecode.c.h; path = DetailViewController.h; sourceTree = "<group>"; };
		EA4FF0711201C3AF00C24433 /* DetailViewController.m */ = {isa = PBXFileReference; fileEncoding = 4; lastKnownFileType = sourcecode.c.objc; path = DetailViewController.m; sourceTree = "<group>"; };
		EA6FC42E1201E1C500CAD858 /* UniversalExampleAppDelegate_Phone.h */ = {isa = PBXFileReference; fileEncoding = 4; lastKnownFileType = sourcecode.c.h; path = UniversalExampleAppDelegate_Phone.h; sourceTree = "<group>"; };
		EA6FC42F1201E1C500CAD858 /* UniversalExampleAppDelegate_Phone.m */ = {isa = PBXFileReference; fileEncoding = 4; lastKnownFileType = sourcecode.c.objc; path = UniversalExampleAppDelegate_Phone.m; sourceTree = "<group>"; };
		EA6FC4311201E1D100CAD858 /* UniversalExampleAppDelegate_Pad.h */ = {isa = PBXFileReference; fileEncoding = 4; lastKnownFileType = sourcecode.c.h; path = UniversalExampleAppDelegate_Pad.h; sourceTree = "<group>"; };
		EA6FC4321201E1D100CAD858 /* UniversalExampleAppDelegate_Pad.m */ = {isa = PBXFileReference; fileEncoding = 4; lastKnownFileType = sourcecode.c.objc; path = UniversalExampleAppDelegate_Pad.m; sourceTree = "<group>"; };
		EA6FC4341201E1F600CAD858 /* RootViewController_Pad.h */ = {isa = PBXFileReference; fileEncoding = 4; lastKnownFileType = sourcecode.c.h; path = RootViewController_Pad.h; sourceTree = "<group>"; };
		EA6FC4351201E1F600CAD858 /* RootViewController_Pad.m */ = {isa = PBXFileReference; fileEncoding = 4; lastKnownFileType = sourcecode.c.objc; path = RootViewController_Pad.m; sourceTree = "<group>"; };
		EA6FC4371201E20600CAD858 /* RootViewController_Phone.h */ = {isa = PBXFileReference; fileEncoding = 4; lastKnownFileType = sourcecode.c.h; path = RootViewController_Phone.h; sourceTree = "<group>"; };
		EA6FC4381201E20600CAD858 /* RootViewController_Phone.m */ = {isa = PBXFileReference; fileEncoding = 4; lastKnownFileType = sourcecode.c.objc; path = RootViewController_Phone.m; sourceTree = "<group>"; };
		EA6FC43A1201E29600CAD858 /* DetailViewController_Pad.h */ = {isa = PBXFileReference; fileEncoding = 4; lastKnownFileType = sourcecode.c.h; path = DetailViewController_Pad.h; sourceTree = "<group>"; };
		EA6FC43B1201E29600CAD858 /* DetailViewController_Pad.m */ = {isa = PBXFileReference; fileEncoding = 4; lastKnownFileType = sourcecode.c.objc; path = DetailViewController_Pad.m; sourceTree = "<group>"; };
		EA6FC43D1201E2A200CAD858 /* DetailViewController_Phone.h */ = {isa = PBXFileReference; fileEncoding = 4; lastKnownFileType = sourcecode.c.h; path = DetailViewController_Phone.h; sourceTree = "<group>"; };
		EA6FC43E1201E2A200CAD858 /* DetailViewController_Phone.m */ = {isa = PBXFileReference; fileEncoding = 4; lastKnownFileType = sourcecode.c.objc; path = DetailViewController_Phone.m; sourceTree = "<group>"; };
		EAD90D541201D346000CBDE8 /* MainWindow-iPad.xib */ = {isa = PBXFileReference; lastKnownFileType = file.xib; path = "MainWindow-iPad.xib"; sourceTree = "<group>"; };
		EAEE698612074FE90055BE76 /* SubDetailViewController.h */ = {isa = PBXFileReference; fileEncoding = 4; lastKnownFileType = sourcecode.c.h; path = SubDetailViewController.h; sourceTree = "<group>"; };
		EAEE698712074FE90055BE76 /* SubDetailViewController.m */ = {isa = PBXFileReference; fileEncoding = 4; lastKnownFileType = sourcecode.c.objc; path = SubDetailViewController.m; sourceTree = "<group>"; };
		EAEE69891207541C0055BE76 /* SubDetailViewController_iPad.h */ = {isa = PBXFileReference; fileEncoding = 4; lastKnownFileType = sourcecode.c.h; path = SubDetailViewController_iPad.h; sourceTree = "<group>"; };
		EAEE698A1207541C0055BE76 /* SubDetailViewController_iPad.m */ = {isa = PBXFileReference; fileEncoding = 4; lastKnownFileType = sourcecode.c.objc; path = SubDetailViewController_iPad.m; sourceTree = "<group>"; };
		EAEE698C120754320055BE76 /* SubDetailViewController_iPhone.h */ = {isa = PBXFileReference; fileEncoding = 4; lastKnownFileType = sourcecode.c.h; path = SubDetailViewController_iPhone.h; sourceTree = "<group>"; };
		EAEE698D120754320055BE76 /* SubDetailViewController_iPhone.m */ = {isa = PBXFileReference; fileEncoding = 4; lastKnownFileType = sourcecode.c.objc; path = SubDetailViewController_iPhone.m; sourceTree = "<group>"; };
/* End PBXFileReference section */

/* Begin PBXFrameworksBuildPhase section */
		1D60588F0D05DD3D006BFB54 /* Frameworks */ = {
			isa = PBXFrameworksBuildPhase;
			buildActionMask = 2147483647;
			files = (
				4875E0701648866200A308EF /* SystemConfiguration.framework in Frameworks */,
				1D60589F0D05DD5A006BFB54 /* Foundation.framework in Frameworks */,
				1DF5F4E00D08C38300B7A737 /* UIKit.framework in Frameworks */,
				2892E4100DC94CBA00A64D0F /* CoreGraphics.framework in Frameworks */,
			);
			runOnlyForDeploymentPostprocessing = 0;
		};
/* End PBXFrameworksBuildPhase section */

/* Begin PBXGroup section */
		080E96DDFE201D6D7F000001 /* Classes */ = {
			isa = PBXGroup;
			children = (
				EA4FED58120227E8001C3C02 /* Models */,
				EA6FC42C1201E19600CAD858 /* Shared */,
				EA6FC42B1201E19000CAD858 /* iPad */,
				EA6FC42A1201E18500CAD858 /* iPhone */,
			);
			path = Classes;
			sourceTree = "<group>";
		};
		19C28FACFE9D520D11CA2CBB /* Products */ = {
			isa = PBXGroup;
			children = (
				1D6058910D05DD3D006BFB54 /* UniversalExample.app */,
			);
			name = Products;
			sourceTree = "<group>";
		};
		29B97314FDCFA39411CA2CEA /* CustomTemplate */ = {
			isa = PBXGroup;
			children = (
				489F735816516F5F00418108 /* Icon-72@2x.png */,
				489F735616516F5B00418108 /* Icon-72.png */,
				489F735416516F5400418108 /* Icon@2x.png */,
				489F735116516F5100418108 /* Icon.png */,
				4875E0711648871C00A308EF /* Constants.h */,
				4875E064164885AE00A308EF /* Reachability */,
				080E96DDFE201D6D7F000001 /* Classes */,
				29B97315FDCFA39411CA2CEA /* Other Sources */,
				29B97317FDCFA39411CA2CEA /* Resources */,
				EA4FF0921201C6AA00C24433 /* Resources-iPad */,
				29B97323FDCFA39411CA2CEA /* Frameworks */,
				19C28FACFE9D520D11CA2CBB /* Products */,
			);
			name = CustomTemplate;
			sourceTree = "<group>";
		};
		29B97315FDCFA39411CA2CEA /* Other Sources */ = {
			isa = PBXGroup;
			children = (
				28A0AAE50D9B0CCF005BE974 /* UniversalExample_Prefix.pch */,
				29B97316FDCFA39411CA2CEA /* main.m */,
			);
			name = "Other Sources";
			sourceTree = "<group>";
		};
		29B97317FDCFA39411CA2CEA /* Resources */ = {
			isa = PBXGroup;
			children = (
				28F335F01007B36200424DE2 /* RootViewController.xib */,
				28AD735F0D9D9599002E5188 /* MainWindow.xib */,
				8D1107310486CEB800E47090 /* UniversalExample-Info.plist */,
			);
			name = Resources;
			sourceTree = "<group>";
		};
		29B97323FDCFA39411CA2CEA /* Frameworks */ = {
			isa = PBXGroup;
			children = (
				4875E06F1648866200A308EF /* SystemConfiguration.framework */,
				1DF5F4DF0D08C38300B7A737 /* UIKit.framework */,
				1D30AB110D05D00D00671497 /* Foundation.framework */,
				2892E40F0DC94CBA00A64D0F /* CoreGraphics.framework */,
			);
			name = Frameworks;
			sourceTree = "<group>";
		};
		4875E064164885AE00A308EF /* Reachability */ = {
			isa = PBXGroup;
			children = (
				4875E065164885AE00A308EF /* Reachability.h */,
				4875E066164885AE00A308EF /* Reachability.m */,
			);
			path = Reachability;
			sourceTree = "<group>";
		};
		EA4FED58120227E8001C3C02 /* Models */ = {
			isa = PBXGroup;
			children = (
				EA4FED59120227F6001C3C02 /* Model.h */,
				EA4FED5A120227F6001C3C02 /* Model.m */,
				4832CA821648FCC200B124F5 /* Model.plist */,
			);
			name = Models;
			sourceTree = "<group>";
		};
		EA4FF0921201C6AA00C24433 /* Resources-iPad */ = {
			isa = PBXGroup;
			children = (
				EAD90D541201D346000CBDE8 /* MainWindow-iPad.xib */,
			);
			name = "Resources-iPad";
			sourceTree = "<group>";
		};
		EA6FC42A1201E18500CAD858 /* iPhone */ = {
			isa = PBXGroup;
			children = (
				EAEE698C120754320055BE76 /* SubDetailViewController_iPhone.h */,
				EAEE698D120754320055BE76 /* SubDetailViewController_iPhone.m */,
				EA6FC42E1201E1C500CAD858 /* UniversalExampleAppDelegate_Phone.h */,
				EA6FC42F1201E1C500CAD858 /* UniversalExampleAppDelegate_Phone.m */,
				EA6FC4371201E20600CAD858 /* RootViewController_Phone.h */,
				EA6FC4381201E20600CAD858 /* RootViewController_Phone.m */,
				EA6FC43D1201E2A200CAD858 /* DetailViewController_Phone.h */,
				EA6FC43E1201E2A200CAD858 /* DetailViewController_Phone.m */,
			);
			name = iPhone;
			sourceTree = "<group>";
		};
		EA6FC42B1201E19000CAD858 /* iPad */ = {
			isa = PBXGroup;
			children = (
				EAEE69891207541C0055BE76 /* SubDetailViewController_iPad.h */,
				EAEE698A1207541C0055BE76 /* SubDetailViewController_iPad.m */,
				EA6FC4311201E1D100CAD858 /* UniversalExampleAppDelegate_Pad.h */,
				EA6FC4321201E1D100CAD858 /* UniversalExampleAppDelegate_Pad.m */,
				EA6FC4341201E1F600CAD858 /* RootViewController_Pad.h */,
				EA6FC4351201E1F600CAD858 /* RootViewController_Pad.m */,
				EA6FC43A1201E29600CAD858 /* DetailViewController_Pad.h */,
				EA6FC43B1201E29600CAD858 /* DetailViewController_Pad.m */,
			);
			name = iPad;
			sourceTree = "<group>";
		};
		EA6FC42C1201E19600CAD858 /* Shared */ = {
			isa = PBXGroup;
			children = (
				EAEE698612074FE90055BE76 /* SubDetailViewController.h */,
				EAEE698712074FE90055BE76 /* SubDetailViewController.m */,
				28C286DF0D94DF7D0034E888 /* RootViewController.h */,
				28C286E00D94DF7D0034E888 /* RootViewController.m */,
				EA4FF0701201C3AF00C24433 /* DetailViewController.h */,
				EA4FF0711201C3AF00C24433 /* DetailViewController.m */,
				4875E08216489B0F00A308EF /* WelcomeVC.h */,
				4875E08316489B0F00A308EF /* WelcomeVC.m */,
				4875E08416489B0F00A308EF /* WelcomeVC.xib */,
				4875E073164889D200A308EF /* MainParentView.h */,
				4875E074164889D200A308EF /* MainParentView.m */,
				4875E08816489BC800A308EF /* MainParentView.bundle */,
			);
			name = Shared;
			sourceTree = "<group>";
		};
/* End PBXGroup section */

/* Begin PBXNativeTarget section */
		1D6058900D05DD3D006BFB54 /* UniversalExample */ = {
			isa = PBXNativeTarget;
			buildConfigurationList = 1D6058960D05DD3E006BFB54 /* Build configuration list for PBXNativeTarget "UniversalExample" */;
			buildPhases = (
				4875E06E1648862300A308EF /* Write GitVersion */,
				1D60588D0D05DD3D006BFB54 /* Resources */,
				1D60588E0D05DD3D006BFB54 /* Sources */,
				1D60588F0D05DD3D006BFB54 /* Frameworks */,
			);
			buildRules = (
			);
			dependencies = (
			);
			name = UniversalExample;
			productName = UniversalExample;
			productReference = 1D6058910D05DD3D006BFB54 /* UniversalExample.app */;
			productType = "com.apple.product-type.application";
		};
/* End PBXNativeTarget section */

/* Begin PBXProject section */
		29B97313FDCFA39411CA2CEA /* Project object */ = {
			isa = PBXProject;
			attributes = {
				LastUpgradeCheck = 0430;
			};
			buildConfigurationList = C01FCF4E08A954540054247B /* Build configuration list for PBXProject "UniversalExample" */;
			compatibilityVersion = "Xcode 3.2";
			developmentRegion = English;
			hasScannedForEncodings = 1;
			knownRegions = (
				English,
				Japanese,
				French,
				German,
				en,
			);
			mainGroup = 29B97314FDCFA39411CA2CEA /* CustomTemplate */;
			projectDirPath = "";
			projectRoot = "";
			targets = (
				1D6058900D05DD3D006BFB54 /* UniversalExample */,
			);
		};
/* End PBXProject section */

/* Begin PBXResourcesBuildPhase section */
		1D60588D0D05DD3D006BFB54 /* Resources */ = {
			isa = PBXResourcesBuildPhase;
			buildActionMask = 2147483647;
			files = (
				28AD73600D9D9599002E5188 /* MainWindow.xib in Resources */,
				28F335F11007B36200424DE2 /* RootViewController.xib in Resources */,
				EAD90D551201D346000CBDE8 /* MainWindow-iPad.xib in Resources */,
				4875E08616489B0F00A308EF /* WelcomeVC.xib in Resources */,
				4875E08916489BC800A308EF /* MainParentView.bundle in Resources */,
				4832CA831648FCC200B124F5 /* Model.plist in Resources */,
				489F735216516F5100418108 /* Icon.png in Resources */,
				489F735516516F5400418108 /* Icon@2x.png in Resources */,
				489F735716516F5B00418108 /* Icon-72.png in Resources */,
				489F735916516F5F00418108 /* Icon-72@2x.png in Resources */,
			);
			runOnlyForDeploymentPostprocessing = 0;
		};
/* End PBXResourcesBuildPhase section */

/* Begin PBXShellScriptBuildPhase section */
		4875E06E1648862300A308EF /* Write GitVersion */ = {
			isa = PBXShellScriptBuildPhase;
			buildActionMask = 2147483647;
			files = (
			);
			inputPaths = (
			);
			name = "Write GitVersion";
			outputPaths = (
			);
			runOnlyForDeploymentPostprocessing = 0;
			shellPath = /bin/sh;
			shellScript = "infoplist=\"$BUILT_PRODUCTS_DIR/$INFOPLIST_PATH\"\ngittag=\"$(cd \"$SRCROOT\" && git describe --always --abbrev=0)\"\nif [[ -n \"$gittag\" ]]; then\ndefaults write \"${infoplist%.plist}\" GitTag \"$gittag\"\nfi";
		};
/* End PBXShellScriptBuildPhase section */

/* Begin PBXSourcesBuildPhase section */
		1D60588E0D05DD3D006BFB54 /* Sources */ = {
			isa = PBXSourcesBuildPhase;
			buildActionMask = 2147483647;
			files = (
				1D60589B0D05DD56006BFB54 /* main.m in Sources */,
				28C286E10D94DF7D0034E888 /* RootViewController.m in Sources */,
				EA4FF0721201C3AF00C24433 /* DetailViewController.m in Sources */,
				EA6FC4301201E1C500CAD858 /* UniversalExampleAppDelegate_Phone.m in Sources */,
				EA6FC4331201E1D100CAD858 /* UniversalExampleAppDelegate_Pad.m in Sources */,
				EA6FC4361201E1F600CAD858 /* RootViewController_Pad.m in Sources */,
				EA6FC4391201E20600CAD858 /* RootViewController_Phone.m in Sources */,
				EA6FC43C1201E29600CAD858 /* DetailViewController_Pad.m in Sources */,
				EA6FC43F1201E2A200CAD858 /* DetailViewController_Phone.m in Sources */,
				EA4FED5B120227F6001C3C02 /* Model.m in Sources */,
				EAEE698812074FE90055BE76 /* SubDetailViewController.m in Sources */,
				EAEE698B1207541C0055BE76 /* SubDetailViewController_iPad.m in Sources */,
				EAEE698E120754320055BE76 /* SubDetailViewController_iPhone.m in Sources */,
				4875E067164885AE00A308EF /* Reachability.m in Sources */,
				4875E076164889D200A308EF /* MainParentView.m in Sources */,
				4875E08516489B0F00A308EF /* WelcomeVC.m in Sources */,
			);
			runOnlyForDeploymentPostprocessing = 0;
		};
/* End PBXSourcesBuildPhase section */

/* Begin XCBuildConfiguration section */
		1D6058940D05DD3E006BFB54 /* Debug */ = {
			isa = XCBuildConfiguration;
			buildSettings = {
				ALWAYS_SEARCH_USER_PATHS = NO;
				ARCHS = "$(ARCHS_STANDARD_32_BIT)";
				CLANG_ENABLE_OBJC_ARC = YES;
				COPY_PHASE_STRIP = NO;
				GCC_DYNAMIC_NO_PIC = NO;
				GCC_OPTIMIZATION_LEVEL = 0;
				GCC_PRECOMPILE_PREFIX_HEADER = YES;
				GCC_PREFIX_HEADER = UniversalExample_Prefix.pch;
				GCC_VERSION = com.apple.compilers.llvm.clang.1_0;
				INFOPLIST_FILE = "UniversalExample-Info.plist";
				IPHONEOS_DEPLOYMENT_TARGET = 5.0;
				PRODUCT_NAME = UniversalExample;
				SDKROOT = iphoneos;
				TARGETED_DEVICE_FAMILY = "1,2";
			};
			name = Debug;
		};
		1D6058950D05DD3E006BFB54 /* Release */ = {
			isa = XCBuildConfiguration;
			buildSettings = {
				ALWAYS_SEARCH_USER_PATHS = NO;
				ARCHS = "$(ARCHS_STANDARD_32_BIT)";
				CLANG_ENABLE_OBJC_ARC = YES;
				COPY_PHASE_STRIP = YES;
				GCC_PRECOMPILE_PREFIX_HEADER = YES;
				GCC_PREFIX_HEADER = UniversalExample_Prefix.pch;
				GCC_VERSION = com.apple.compilers.llvm.clang.1_0;
				INFOPLIST_FILE = "UniversalExample-Info.plist";
				IPHONEOS_DEPLOYMENT_TARGET = 5.0;
				PRODUCT_NAME = UniversalExample;
				SDKROOT = iphoneos;
				TARGETED_DEVICE_FAMILY = "1,2";
				VALIDATE_PRODUCT = YES;
			};
			name = Release;
		};
		C01FCF4F08A954540054247B /* Debug */ = {
			isa = XCBuildConfiguration;
			buildSettings = {
				ARCHS = "$(ARCHS_STANDARD_32_BIT)";
				"CODE_SIGN_IDENTITY[sdk=iphoneos*]" = "iPhone Developer";
				GCC_C_LANGUAGE_STANDARD = c99;
				GCC_WARN_ABOUT_RETURN_TYPE = YES;
				GCC_WARN_UNUSED_VARIABLE = YES;
				IPHONEOS_DEPLOYMENT_TARGET = 5.0;
				SDKROOT = iphoneos;
				TARGETED_DEVICE_FAMILY = "1,2";
			};
			name = Debug;
		};
		C01FCF5008A954540054247B /* Release */ = {
			isa = XCBuildConfiguration;
			buildSettings = {
				ARCHS = "$(ARCHS_STANDARD_32_BIT)";
				"CODE_SIGN_IDENTITY[sdk=iphoneos*]" = "iPhone Developer";
				GCC_C_LANGUAGE_STANDARD = c99;
				GCC_WARN_ABOUT_RETURN_TYPE = YES;
				GCC_WARN_UNUSED_VARIABLE = YES;
				IPHONEOS_DEPLOYMENT_TARGET = 5.0;
				OTHER_CFLAGS = "-DNS_BLOCK_ASSERTIONS=1";
				SDKROOT = iphoneos;
				TARGETED_DEVICE_FAMILY = "1,2";
			};
			name = Release;
		};
		EAEE6984120749F10055BE76 /* Distro */ = {
			isa = XCBuildConfiguration;
			buildSettings = {
				ARCHS = "$(ARCHS_STANDARD_32_BIT)";
				"CODE_SIGN_IDENTITY[sdk=iphoneos*]" = "iPhone Developer";
				GCC_C_LANGUAGE_STANDARD = c99;
				GCC_WARN_ABOUT_RETURN_TYPE = YES;
				GCC_WARN_UNUSED_VARIABLE = YES;
				IPHONEOS_DEPLOYMENT_TARGET = 5.0;
				OTHER_CFLAGS = "-DNS_BLOCK_ASSERTIONS=1";
				SDKROOT = iphoneos;
				TARGETED_DEVICE_FAMILY = "1,2";
			};
			name = Distro;
		};
		EAEE6985120749F10055BE76 /* Distro */ = {
			isa = XCBuildConfiguration;
			buildSettings = {
				ALWAYS_SEARCH_USER_PATHS = NO;
				ARCHS = "$(ARCHS_STANDARD_32_BIT)";
				COPY_PHASE_STRIP = YES;
				GCC_PRECOMPILE_PREFIX_HEADER = YES;
				GCC_PREFIX_HEADER = UniversalExample_Prefix.pch;
				GCC_VERSION = com.apple.compilers.llvm.clang.1_0;
				INFOPLIST_FILE = "UniversalExample-Info.plist";
				IPHONEOS_DEPLOYMENT_TARGET = 5.0;
				PRODUCT_NAME = UniversalExample;
				SDKROOT = iphoneos;
				TARGETED_DEVICE_FAMILY = "1,2";
				VALIDATE_PRODUCT = YES;
			};
			name = Distro;
		};
/* End XCBuildConfiguration section */

/* Begin XCConfigurationList section */
		1D6058960D05DD3E006BFB54 /* Build configuration list for PBXNativeTarget "UniversalExample" */ = {
			isa = XCConfigurationList;
			buildConfigurations = (
				1D6058940D05DD3E006BFB54 /* Debug */,
				1D6058950D05DD3E006BFB54 /* Release */,
				EAEE6985120749F10055BE76 /* Distro */,
			);
			defaultConfigurationIsVisible = 0;
			defaultConfigurationName = Release;
		};
		C01FCF4E08A954540054247B /* Build configuration list for PBXProject "UniversalExample" */ = {
			isa = XCConfigurationList;
			buildConfigurations = (
				C01FCF4F08A954540054247B /* Debug */,
				C01FCF5008A954540054247B /* Release */,
				EAEE6984120749F10055BE76 /* Distro */,
			);
			defaultConfigurationIsVisible = 0;
			defaultConfigurationName = Release;
		};
/* End XCConfigurationList section */
	};
	rootObject = 29B97313FDCFA39411CA2CEA /* Project object */;
}
